{
  "version": 4,
  "terraform_version": "1.4.6",
  "serial": 362,
  "lineage": "3ad4b71f-f492-4fe2-0937-b200b79fd353",
  "outputs": {},
  "resources": [
    {
      "module": "module.repository[\"agile-development-methodology\"]",
      "mode": "managed",
      "type": "github_repository",
      "name": "repository",
      "provider": "provider[\"registry.terraform.io/integrations/github\"]",
      "instances": [
        {
          "schema_version": 1,
          "attributes": {
            "allow_auto_merge": false,
            "allow_merge_commit": true,
            "allow_rebase_merge": true,
            "allow_squash_merge": true,
            "allow_update_branch": false,
            "archive_on_destroy": null,
            "archived": false,
            "auto_init": true,
            "default_branch": "main",
            "delete_branch_on_merge": false,
            "description": "",
            "etag": "W/\"5bd17f428958394dc4c8f159226e3eb40ccc99ba6cd0d1280dbd7571b81651e2\"",
            "full_name": "uoio1/agile-development-methodology",
            "git_clone_url": "git://github.com/uoio1/agile-development-methodology.git",
            "gitignore_template": null,
            "has_discussions": false,
            "has_downloads": false,
            "has_issues": false,
            "has_projects": false,
            "has_wiki": false,
            "homepage_url": "",
            "html_url": "https://github.com/uoio1/agile-development-methodology",
            "http_clone_url": "https://github.com/uoio1/agile-development-methodology.git",
            "id": "agile-development-methodology",
            "ignore_vulnerability_alerts_during_read": null,
            "is_template": false,
            "license_template": null,
            "merge_commit_message": "PR_TITLE",
            "merge_commit_title": "MERGE_MESSAGE",
            "name": "agile-development-methodology",
            "node_id": "R_kgDOKCrqLQ",
            "pages": [],
            "private": false,
            "repo_id": 673901101,
            "security_and_analysis": [
              {
                "advanced_security": [],
                "secret_scanning": [
                  {
                    "status": "disabled"
                  }
                ],
                "secret_scanning_push_protection": [
                  {
                    "status": "disabled"
                  }
                ]
              }
            ],
            "squash_merge_commit_message": "COMMIT_MESSAGES",
            "squash_merge_commit_title": "COMMIT_OR_PR_TITLE",
            "ssh_clone_url": "git@github.com:uoio1/agile-development-methodology.git",
            "svn_url": "https://github.com/uoio1/agile-development-methodology",
            "template": [],
            "topics": [],
            "visibility": "public",
            "vulnerability_alerts": false
          },
          "sensitive_attributes": [],
          "private": "eyJzY2hlbWFfdmVyc2lvbiI6IjEifQ==",
          "create_before_destroy": true
        }
      ]
    },
    {
      "module": "module.repository[\"agile-development-methodology\"].module.branch",
      "mode": "managed",
      "type": "github_branch",
      "name": "branch",
      "provider": "provider[\"registry.terraform.io/integrations/github\"]",
      "instances": [
        {
          "index_key": "develop",
          "schema_version": 0,
          "attributes": {
            "branch": "develop",
            "etag": "W/\"886094c24c8255c438077f50bba6af13a6d9b546fc438c4c73ebfe04c8b34b49\"",
            "id": "agile-development-methodology:develop",
            "ref": "refs/heads/develop",
            "repository": "agile-development-methodology",
            "sha": "c35de8239573ad50b94044367fc87cef7daa684d",
            "source_branch": "main",
            "source_sha": "c35de8239573ad50b94044367fc87cef7daa684d"
          },
          "sensitive_attributes": [],
          "private": "bnVsbA==",
          "dependencies": [
            "module.repository.github_repository.repository"
          ]
        }
      ]
    },
    {
      "module": "module.repository[\"automated-testing-tools\"]",
      "mode": "managed",
      "type": "github_repository",
      "name": "repository",
      "provider": "provider[\"registry.terraform.io/integrations/github\"]",
      "instances": [
        {
          "schema_version": 1,
          "attributes": {
            "allow_auto_merge": false,
            "allow_merge_commit": true,
            "allow_rebase_merge": true,
            "allow_squash_merge": true,
            "allow_update_branch": false,
            "archive_on_destroy": null,
            "archived": false,
            "auto_init": true,
            "default_branch": "main",
            "delete_branch_on_merge": false,
            "description": "",
            "etag": "W/\"765fa6f68e0f4f74885c1fce15b39173b181614239247e7af0d43ce8145b79ab\"",
            "full_name": "uoio1/automated-testing-tools",
            "git_clone_url": "git://github.com/uoio1/automated-testing-tools.git",
            "gitignore_template": null,
            "has_discussions": false,
            "has_downloads": false,
            "has_issues": false,
            "has_projects": false,
            "has_wiki": false,
            "homepage_url": "",
            "html_url": "https://github.com/uoio1/automated-testing-tools",
            "http_clone_url": "https://github.com/uoio1/automated-testing-tools.git",
            "id": "automated-testing-tools",
            "ignore_vulnerability_alerts_during_read": null,
            "is_template": false,
            "license_template": null,
            "merge_commit_message": "PR_TITLE",
            "merge_commit_title": "MERGE_MESSAGE",
            "name": "automated-testing-tools",
            "node_id": "R_kgDOKCrrSg",
            "pages": [],
            "private": false,
            "repo_id": 673901386,
            "security_and_analysis": [
              {
                "advanced_security": [],
                "secret_scanning": [
                  {
                    "status": "disabled"
                  }
                ],
                "secret_scanning_push_protection": [
                  {
                    "status": "disabled"
                  }
                ]
              }
            ],
            "squash_merge_commit_message": "COMMIT_MESSAGES",
            "squash_merge_commit_title": "COMMIT_OR_PR_TITLE",
            "ssh_clone_url": "git@github.com:uoio1/automated-testing-tools.git",
            "svn_url": "https://github.com/uoio1/automated-testing-tools",
            "template": [],
            "topics": [],
            "visibility": "public",
            "vulnerability_alerts": false
          },
          "sensitive_attributes": [],
          "private": "eyJzY2hlbWFfdmVyc2lvbiI6IjEifQ==",
          "create_before_destroy": true
        }
      ]
    },
    {
      "module": "module.repository[\"automated-testing-tools\"].module.branch",
      "mode": "managed",
      "type": "github_branch",
      "name": "branch",
      "provider": "provider[\"registry.terraform.io/integrations/github\"]",
      "instances": [
        {
          "index_key": "develop",
          "schema_version": 0,
          "attributes": {
            "branch": "develop",
            "etag": "W/\"a5ef6023630e5dbf8484c20374d9decc5405d87afb1f1e97efd83af89ff9483d\"",
            "id": "automated-testing-tools:develop",
            "ref": "refs/heads/develop",
            "repository": "automated-testing-tools",
            "sha": "36270d4b485a0947c15f6d263995344d94fb5a21",
            "source_branch": "main",
            "source_sha": "36270d4b485a0947c15f6d263995344d94fb5a21"
          },
          "sensitive_attributes": [],
          "private": "bnVsbA==",
          "dependencies": [
            "module.repository.github_repository.repository"
          ]
        }
      ]
    },
    {
      "module": "module.repository[\"data-warehousing-best-practices\"]",
      "mode": "managed",
      "type": "github_repository",
      "name": "repository",
      "provider": "provider[\"registry.terraform.io/integrations/github\"]",
      "instances": [
        {
          "schema_version": 1,
          "attributes": {
            "allow_auto_merge": false,
            "allow_merge_commit": true,
            "allow_rebase_merge": true,
            "allow_squash_merge": true,
            "allow_update_branch": false,
            "archive_on_destroy": null,
            "archived": false,
            "auto_init": true,
            "default_branch": "main",
            "delete_branch_on_merge": false,
            "description": "",
            "etag": "W/\"2da77e97f8847f5cff6938bfe003715fd6abaf3c96692bc0a1e338672a8d3b38\"",
            "full_name": "uoio1/data-warehousing-best-practices",
            "git_clone_url": "git://github.com/uoio1/data-warehousing-best-practices.git",
            "gitignore_template": null,
            "has_discussions": false,
            "has_downloads": false,
            "has_issues": false,
            "has_projects": false,
            "has_wiki": false,
            "homepage_url": "",
            "html_url": "https://github.com/uoio1/data-warehousing-best-practices",
            "http_clone_url": "https://github.com/uoio1/data-warehousing-best-practices.git",
            "id": "data-warehousing-best-practices",
            "ignore_vulnerability_alerts_during_read": null,
            "is_template": false,
            "license_template": null,
            "merge_commit_message": "PR_TITLE",
            "merge_commit_title": "MERGE_MESSAGE",
            "name": "data-warehousing-best-practices",
            "node_id": "R_kgDOKCrp-A",
            "pages": [],
            "private": false,
            "repo_id": 673901048,
            "security_and_analysis": [
              {
                "advanced_security": [],
                "secret_scanning": [
                  {
                    "status": "disabled"
                  }
                ],
                "secret_scanning_push_protection": [
                  {
                    "status": "disabled"
                  }
                ]
              }
            ],
            "squash_merge_commit_message": "COMMIT_MESSAGES",
            "squash_merge_commit_title": "COMMIT_OR_PR_TITLE",
            "ssh_clone_url": "git@github.com:uoio1/data-warehousing-best-practices.git",
            "svn_url": "https://github.com/uoio1/data-warehousing-best-practices",
            "template": [],
            "topics": [],
            "visibility": "public",
            "vulnerability_alerts": false
          },
          "sensitive_attributes": [],
          "private": "eyJzY2hlbWFfdmVyc2lvbiI6IjEifQ==",
          "create_before_destroy": true
        }
      ]
    },
    {
      "module": "module.repository[\"database-backup-solutions\"]",
      "mode": "managed",
      "type": "github_repository",
      "name": "repository",
      "provider": "provider[\"registry.terraform.io/integrations/github\"]",
      "instances": [
        {
          "schema_version": 1,
          "attributes": {
            "allow_auto_merge": false,
            "allow_merge_commit": true,
            "allow_rebase_merge": true,
            "allow_squash_merge": true,
            "allow_update_branch": false,
            "archive_on_destroy": null,
            "archived": false,
            "auto_init": true,
            "default_branch": "main",
            "delete_branch_on_merge": false,
            "description": "",
            "etag": "W/\"f0c92345af77a5410aee76a653458c0bcd9132234cb58847f3c033e4fc55d492\"",
            "full_name": "uoio1/database-backup-solutions",
            "git_clone_url": "git://github.com/uoio1/database-backup-solutions.git",
            "gitignore_template": null,
            "has_discussions": false,
            "has_downloads": false,
            "has_issues": false,
            "has_projects": false,
            "has_wiki": false,
            "homepage_url": "",
            "html_url": "https://github.com/uoio1/database-backup-solutions",
            "http_clone_url": "https://github.com/uoio1/database-backup-solutions.git",
            "id": "database-backup-solutions",
            "ignore_vulnerability_alerts_during_read": null,
            "is_template": false,
            "license_template": null,
            "merge_commit_message": "PR_TITLE",
            "merge_commit_title": "MERGE_MESSAGE",
            "name": "database-backup-solutions",
            "node_id": "R_kgDOKCrp5Q",
            "pages": [],
            "private": false,
            "repo_id": 673901029,
            "security_and_analysis": [
              {
                "advanced_security": [],
                "secret_scanning": [
                  {
                    "status": "disabled"
                  }
                ],
                "secret_scanning_push_protection": [
                  {
                    "status": "disabled"
                  }
                ]
              }
            ],
            "squash_merge_commit_message": "COMMIT_MESSAGES",
            "squash_merge_commit_title": "COMMIT_OR_PR_TITLE",
            "ssh_clone_url": "git@github.com:uoio1/database-backup-solutions.git",
            "svn_url": "https://github.com/uoio1/database-backup-solutions",
            "template": [],
            "topics": [],
            "visibility": "public",
            "vulnerability_alerts": false
          },
          "sensitive_attributes": [],
          "private": "eyJzY2hlbWFfdmVyc2lvbiI6IjEifQ==",
          "create_before_destroy": true
        }
      ]
    },
    {
      "module": "module.repository[\"database-performance-tuning\"]",
      "mode": "managed",
      "type": "github_repository",
      "name": "repository",
      "provider": "provider[\"registry.terraform.io/integrations/github\"]",
      "instances": [
        {
          "schema_version": 1,
          "attributes": {
            "allow_auto_merge": false,
            "allow_merge_commit": true,
            "allow_rebase_merge": true,
            "allow_squash_merge": true,
            "allow_update_branch": false,
            "archive_on_destroy": null,
            "archived": false,
            "auto_init": true,
            "default_branch": "main",
            "delete_branch_on_merge": false,
            "description": "",
            "etag": "W/\"f0f0642d3b3cba1493d4ffdfa9e0d96c7c27efbb1d9e4261ccc7b2366e29da7b\"",
            "full_name": "uoio1/database-performance-tuning",
            "git_clone_url": "git://github.com/uoio1/database-performance-tuning.git",
            "gitignore_template": null,
            "has_discussions": false,
            "has_downloads": false,
            "has_issues": false,
            "has_projects": false,
            "has_wiki": false,
            "homepage_url": "",
            "html_url": "https://github.com/uoio1/database-performance-tuning",
            "http_clone_url": "https://github.com/uoio1/database-performance-tuning.git",
            "id": "database-performance-tuning",
            "ignore_vulnerability_alerts_during_read": null,
            "is_template": false,
            "license_template": null,
            "merge_commit_message": "PR_TITLE",
            "merge_commit_title": "MERGE_MESSAGE",
            "name": "database-performance-tuning",
            "node_id": "R_kgDOKCrqUA",
            "pages": [],
            "private": false,
            "repo_id": 673901136,
            "security_and_analysis": [
              {
                "advanced_security": [],
                "secret_scanning": [
                  {
                    "status": "disabled"
                  }
                ],
                "secret_scanning_push_protection": [
                  {
                    "status": "disabled"
                  }
                ]
              }
            ],
            "squash_merge_commit_message": "COMMIT_MESSAGES",
            "squash_merge_commit_title": "COMMIT_OR_PR_TITLE",
            "ssh_clone_url": "git@github.com:uoio1/database-performance-tuning.git",
            "svn_url": "https://github.com/uoio1/database-performance-tuning",
            "template": [],
            "topics": [],
            "visibility": "public",
            "vulnerability_alerts": false
          },
          "sensitive_attributes": [],
          "private": "eyJzY2hlbWFfdmVyc2lvbiI6IjEifQ==",
          "create_before_destroy": true
        }
      ]
    },
    {
      "module": "module.repository[\"microservices-architecture\"]",
      "mode": "managed",
      "type": "github_repository",
      "name": "repository",
      "provider": "provider[\"registry.terraform.io/integrations/github\"]",
      "instances": [
        {
          "schema_version": 1,
          "attributes": {
            "allow_auto_merge": false,
            "allow_merge_commit": true,
            "allow_rebase_merge": true,
            "allow_squash_merge": true,
            "allow_update_branch": false,
            "archive_on_destroy": null,
            "archived": false,
            "auto_init": true,
            "default_branch": "main",
            "delete_branch_on_merge": false,
            "description": "",
            "etag": "W/\"d9832af2f11d6680947e75515ca97588ed808a526eced7fb79a93e4434069d6d\"",
            "full_name": "uoio1/microservices-architecture",
            "git_clone_url": "git://github.com/uoio1/microservices-architecture.git",
            "gitignore_template": null,
            "has_discussions": false,
            "has_downloads": false,
            "has_issues": false,
            "has_projects": false,
            "has_wiki": false,
            "homepage_url": "",
            "html_url": "https://github.com/uoio1/microservices-architecture",
            "http_clone_url": "https://github.com/uoio1/microservices-architecture.git",
            "id": "microservices-architecture",
            "ignore_vulnerability_alerts_during_read": null,
            "is_template": false,
            "license_template": null,
            "merge_commit_message": "PR_TITLE",
            "merge_commit_title": "MERGE_MESSAGE",
            "name": "microservices-architecture",
            "node_id": "R_kgDOKCrqPA",
            "pages": [],
            "private": false,
            "repo_id": 673901116,
            "security_and_analysis": [
              {
                "advanced_security": [],
                "secret_scanning": [
                  {
                    "status": "disabled"
                  }
                ],
                "secret_scanning_push_protection": [
                  {
                    "status": "disabled"
                  }
                ]
              }
            ],
            "squash_merge_commit_message": "COMMIT_MESSAGES",
            "squash_merge_commit_title": "COMMIT_OR_PR_TITLE",
            "ssh_clone_url": "git@github.com:uoio1/microservices-architecture.git",
            "svn_url": "https://github.com/uoio1/microservices-architecture",
            "template": [],
            "topics": [],
            "visibility": "public",
            "vulnerability_alerts": false
          },
          "sensitive_attributes": [],
          "private": "eyJzY2hlbWFfdmVyc2lvbiI6IjEifQ==",
          "create_before_destroy": true
        }
      ]
    },
    {
      "module": "module.repository[\"microservices-architecture\"].module.branch",
      "mode": "managed",
      "type": "github_branch",
      "name": "branch",
      "provider": "provider[\"registry.terraform.io/integrations/github\"]",
      "instances": [
        {
          "index_key": "develop",
          "schema_version": 0,
          "attributes": {
            "branch": "develop",
            "etag": "W/\"dfcdb5ffbaa4f5507c47e03048c28866637ef7c37341e7bd49dd2b62b02b16ee\"",
            "id": "microservices-architecture:develop",
            "ref": "refs/heads/develop",
            "repository": "microservices-architecture",
            "sha": "f09e80b61afdc5a175f528477d83e3a17cfb5ed7",
            "source_branch": "main",
            "source_sha": "f09e80b61afdc5a175f528477d83e3a17cfb5ed7"
          },
          "sensitive_attributes": [],
          "private": "bnVsbA==",
          "dependencies": [
            "module.repository.github_repository.repository"
          ]
        }
      ]
    },
    {
      "module": "module.repository[\"nosql-databases-comparison\"]",
      "mode": "managed",
      "type": "github_repository",
      "name": "repository",
      "provider": "provider[\"registry.terraform.io/integrations/github\"]",
      "instances": [
        {
          "schema_version": 1,
          "attributes": {
            "allow_auto_merge": false,
            "allow_merge_commit": true,
            "allow_rebase_merge": true,
            "allow_squash_merge": true,
            "allow_update_branch": false,
            "archive_on_destroy": null,
            "archived": false,
            "auto_init": true,
            "default_branch": "main",
            "delete_branch_on_merge": false,
            "description": "",
            "etag": "W/\"00a1426908e33a97d6dec38a064bda1c95f0449c44398375e663de0526d17fef\"",
            "full_name": "uoio1/nosql-databases-comparison",
            "git_clone_url": "git://github.com/uoio1/nosql-databases-comparison.git",
            "gitignore_template": null,
            "has_discussions": false,
            "has_downloads": false,
            "has_issues": false,
            "has_projects": false,
            "has_wiki": false,
            "homepage_url": "",
            "html_url": "https://github.com/uoio1/nosql-databases-comparison",
            "http_clone_url": "https://github.com/uoio1/nosql-databases-comparison.git",
            "id": "nosql-databases-comparison",
            "ignore_vulnerability_alerts_during_read": null,
            "is_template": false,
            "license_template": null,
            "merge_commit_message": "PR_TITLE",
            "merge_commit_title": "MERGE_MESSAGE",
            "name": "nosql-databases-comparison",
            "node_id": "R_kgDOKCrqCA",
            "pages": [],
            "private": false,
            "repo_id": 673901064,
            "security_and_analysis": [
              {
                "advanced_security": [],
                "secret_scanning": [
                  {
                    "status": "disabled"
                  }
                ],
                "secret_scanning_push_protection": [
                  {
                    "status": "disabled"
                  }
                ]
              }
            ],
            "squash_merge_commit_message": "COMMIT_MESSAGES",
            "squash_merge_commit_title": "COMMIT_OR_PR_TITLE",
            "ssh_clone_url": "git@github.com:uoio1/nosql-databases-comparison.git",
            "svn_url": "https://github.com/uoio1/nosql-databases-comparison",
            "template": [],
            "topics": [],
            "visibility": "public",
            "vulnerability_alerts": false
          },
          "sensitive_attributes": [],
          "private": "eyJzY2hlbWFfdmVyc2lvbiI6IjEifQ==",
          "create_before_destroy": true
        }
      ]
    },
    {
      "module": "module.repository[\"python-web-frameworks\"]",
      "mode": "managed",
      "type": "github_repository",
      "name": "repository",
      "provider": "provider[\"registry.terraform.io/integrations/github\"]",
      "instances": [
        {
          "schema_version": 1,
          "attributes": {
            "allow_auto_merge": false,
            "allow_merge_commit": true,
            "allow_rebase_merge": true,
            "allow_squash_merge": true,
            "allow_update_branch": false,
            "archive_on_destroy": null,
            "archived": false,
            "auto_init": true,
            "default_branch": "main",
            "delete_branch_on_merge": false,
            "description": "",
            "etag": "W/\"bda28460f4c89b7843d012c372dddbbb1fa0bc862d61d499d09900618ce1d735\"",
            "full_name": "uoio1/python-web-frameworks",
            "git_clone_url": "git://github.com/uoio1/python-web-frameworks.git",
            "gitignore_template": null,
            "has_discussions": false,
            "has_downloads": false,
            "has_issues": false,
            "has_projects": false,
            "has_wiki": false,
            "homepage_url": "",
            "html_url": "https://github.com/uoio1/python-web-frameworks",
            "http_clone_url": "https://github.com/uoio1/python-web-frameworks.git",
            "id": "python-web-frameworks",
            "ignore_vulnerability_alerts_during_read": null,
            "is_template": false,
            "license_template": null,
            "merge_commit_message": "PR_TITLE",
            "merge_commit_title": "MERGE_MESSAGE",
            "name": "python-web-frameworks",
            "node_id": "R_kgDOKCrp1g",
            "pages": [],
            "private": false,
            "repo_id": 673901014,
            "security_and_analysis": [
              {
                "advanced_security": [],
                "secret_scanning": [
                  {
                    "status": "disabled"
                  }
                ],
                "secret_scanning_push_protection": [
                  {
                    "status": "disabled"
                  }
                ]
              }
            ],
            "squash_merge_commit_message": "COMMIT_MESSAGES",
            "squash_merge_commit_title": "COMMIT_OR_PR_TITLE",
            "ssh_clone_url": "git@github.com:uoio1/python-web-frameworks.git",
            "svn_url": "https://github.com/uoio1/python-web-frameworks",
            "template": [],
            "topics": [],
            "visibility": "public",
            "vulnerability_alerts": false
          },
          "sensitive_attributes": [],
          "private": "eyJzY2hlbWFfdmVyc2lvbiI6IjEifQ==",
          "create_before_destroy": true
        }
      ]
    },
    {
      "module": "module.repository[\"python-web-frameworks\"].module.branch",
      "mode": "managed",
      "type": "github_branch",
      "name": "branch",
      "provider": "provider[\"registry.terraform.io/integrations/github\"]",
      "instances": [
        {
          "index_key": "develop",
          "schema_version": 0,
          "attributes": {
            "branch": "develop",
            "etag": "W/\"5f09d08eab1a59caf8557141f82889019d6b29f0dde2e2b20e7116620ec26fec\"",
            "id": "python-web-frameworks:develop",
            "ref": "refs/heads/develop",
            "repository": "python-web-frameworks",
            "sha": "13d100f99c38f617e1f3b44ee7cbc955157a13b6",
            "source_branch": "main",
            "source_sha": "13d100f99c38f617e1f3b44ee7cbc955157a13b6"
          },
          "sensitive_attributes": [],
          "private": "bnVsbA==",
          "dependencies": [
            "module.repository.github_repository.repository"
          ]
        }
      ]
    },
    {
      "module": "module.repository[\"sql-query-optimization\"]",
      "mode": "managed",
      "type": "github_repository",
      "name": "repository",
      "provider": "provider[\"registry.terraform.io/integrations/github\"]",
      "instances": [
        {
          "schema_version": 1,
          "attributes": {
            "allow_auto_merge": false,
            "allow_merge_commit": true,
            "allow_rebase_merge": true,
            "allow_squash_merge": true,
            "allow_update_branch": false,
            "archive_on_destroy": null,
            "archived": false,
            "auto_init": true,
            "default_branch": "main",
            "delete_branch_on_merge": false,
            "description": "",
            "etag": "W/\"1e77607b3ddaf64a830932b48ce3001f6b4be6a846511be63f4587c0410e3981\"",
            "full_name": "uoio1/sql-query-optimization",
            "git_clone_url": "git://github.com/uoio1/sql-query-optimization.git",
            "gitignore_template": null,
            "has_discussions": false,
            "has_downloads": false,
            "has_issues": false,
            "has_projects": false,
            "has_wiki": false,
            "homepage_url": "",
            "html_url": "https://github.com/uoio1/sql-query-optimization",
            "http_clone_url": "https://github.com/uoio1/sql-query-optimization.git",
            "id": "sql-query-optimization",
            "ignore_vulnerability_alerts_during_read": null,
            "is_template": false,
            "license_template": null,
            "merge_commit_message": "PR_TITLE",
            "merge_commit_title": "MERGE_MESSAGE",
            "name": "sql-query-optimization",
            "node_id": "R_kgDOKCrqGA",
            "pages": [],
            "private": false,
            "repo_id": 673901080,
            "security_and_analysis": [
              {
                "advanced_security": [],
                "secret_scanning": [
                  {
                    "status": "disabled"
                  }
                ],
                "secret_scanning_push_protection": [
                  {
                    "status": "disabled"
                  }
                ]
              }
            ],
            "squash_merge_commit_message": "COMMIT_MESSAGES",
            "squash_merge_commit_title": "COMMIT_OR_PR_TITLE",
            "ssh_clone_url": "git@github.com:uoio1/sql-query-optimization.git",
            "svn_url": "https://github.com/uoio1/sql-query-optimization",
            "template": [],
            "topics": [],
            "visibility": "public",
            "vulnerability_alerts": false
          },
          "sensitive_attributes": [],
          "private": "eyJzY2hlbWFfdmVyc2lvbiI6IjEifQ==",
          "create_before_destroy": true
        }
      ]
    }
  ],
  "check_results": null
}
